
Microsoft Visual Studio Solution File, Format Version 12.00
# Visual Studio Version 16
VisualStudioVersion = 16.0.29503.13
MinimumVisualStudioVersion = 10.0.40219.1
Project("{8BC9CEB8-8B4A-11D0-8D11-00A0C91BC942}") = "lab15", "lab15\lab15.vcxproj", "{CFD55536-61C2-49D3-8B64-B7A53FD741A7}"
EndProject
Global
	GlobalSection(SolutionConfigurationPlatforms) = preSolution
		Debug|x64 = Debug|x64
		Debug|x86 = Debug|x86
		Release|x64 = Release|x64
		Release|x86 = Release|x86
	EndGlobalSection
	GlobalSection(ProjectConfigurationPlatforms) = postSolution
		{CFD55536-61C2-49D3-8B64-B7A53FD741A7}.Debug|x64.ActiveCfg = Debug|x64
		{CFD55536-61C2-49D3-8B64-B7A53FD741A7}.Debug|x64.Build.0 = Debug|x64
		{CFD55536-61C2-49D3-8B64-B7A53FD741A7}.Debug|x86.ActiveCfg = Debug|Win32
		{CFD55536-61C2-49D3-8B64-B7A53FD741A7}.Debug|x86.Build.0 = Debug|Win32
		{CFD55536-61C2-49D3-8B64-B7A53FD741A7}.Release|x64.ActiveCfg = Release|x64
		{CFD55536-61C2-49D3-8B64-B7A53FD741A7}.Release|x64.Build.0 = Release|x64
		{CFD55536-61C2-49D3-8B64-B7A53FD741A7}.Release|x86.ActiveCfg = Release|Win32
		{CFD55536-61C2-49D3-8B64-B7A53FD741A7}.Release|x86.Build.0 = Release|Win32
	EndGlobalSection
	GlobalSection(SolutionProperties) = preSolution
		HideSolutionNode = FALSE
	EndGlobalSection
	GlobalSection(ExtensibilityGlobals) = postSolution
		SolutionGuid = {5C9B7AA1-8308-4AC8-93D8-C67CA4ADAE0D}
	EndGlobalSection
EndGlobal
